// !$*UTF8*$!
{
	archiveVersion = 1;
	classes = {
	};
	objectVersion = 46;
	objects = {

/* Begin PBXBuildFile section */
		44CA62C41DF77AA400550365 /* todo in Resources */ = {isa = PBXBuildFile; fileRef = 44CA62C31DF77AA400550365 /* todo */; };
		A20FEB4A1DED1344009584FD /* LightParticle.sks in Resources */ = {isa = PBXBuildFile; fileRef = A20FEB491DED1344009584FD /* LightParticle.sks */; };
		A221A7C71DF8A7C7007A2869 /* BlueLightParticle.sks in Resources */ = {isa = PBXBuildFile; fileRef = A221A7C61DF8A7C7007A2869 /* BlueLightParticle.sks */; };
		A226D9321DF9F33B00F0D921 /* PreviewVideoViewController.swift in Sources */ = {isa = PBXBuildFile; fileRef = A226D9301DF9F33B00F0D921 /* PreviewVideoViewController.swift */; };
		A226D9331DF9F33B00F0D921 /* PreviewVideoViewController.xib in Resources */ = {isa = PBXBuildFile; fileRef = A226D9311DF9F33B00F0D921 /* PreviewVideoViewController.xib */; };
		A22E04341E0180CE00FF0452 /* GameViewController.xib in Resources */ = {isa = PBXBuildFile; fileRef = A22E04331E0180CE00FF0452 /* GameViewController.xib */; };
		A22E04361E01814A00FF0452 /* PopupView.swift in Sources */ = {isa = PBXBuildFile; fileRef = A22E04351E01814A00FF0452 /* PopupView.swift */; };
		A22E043B1E01BBFC00FF0452 /* VideoPreviewViewController.swift in Sources */ = {isa = PBXBuildFile; fileRef = A22E04391E01BBFC00FF0452 /* VideoPreviewViewController.swift */; };
		A22E043C1E01BBFC00FF0452 /* VideoPreviewViewController.xib in Resources */ = {isa = PBXBuildFile; fileRef = A22E043A1E01BBFC00FF0452 /* VideoPreviewViewController.xib */; };
		A22E04461E01CBC100FF0452 /* M13ProgressView.m in Sources */ = {isa = PBXBuildFile; fileRef = A22E04431E01CBC100FF0452 /* M13ProgressView.m */; };
		A22E04471E01CBC100FF0452 /* M13ProgressViewBorderedBar.m in Sources */ = {isa = PBXBuildFile; fileRef = A22E04451E01CBC100FF0452 /* M13ProgressViewBorderedBar.m */; };
		A2321F701E00A017003E658C /* StateManager.swift in Sources */ = {isa = PBXBuildFile; fileRef = A2321F6F1E00A017003E658C /* StateManager.swift */; };
		A23279F31E02D499006DB3D0 /* beam.wav in Resources */ = {isa = PBXBuildFile; fileRef = A23279F21E02D498006DB3D0 /* beam.wav */; };
		A23279F51E02DD19006DB3D0 /* sfx.wav in Resources */ = {isa = PBXBuildFile; fileRef = A23279F41E02DD19006DB3D0 /* sfx.wav */; };
		A233BCA41E02E7B20044B0C2 /* GoogleService-Info.plist in Resources */ = {isa = PBXBuildFile; fileRef = A233BCA31E02E7B20044B0C2 /* GoogleService-Info.plist */; };
		A233BCA61E03BFDA0044B0C2 /* Callback.swift in Sources */ = {isa = PBXBuildFile; fileRef = A233BCA51E03BFDA0044B0C2 /* Callback.swift */; };
		A25630DD1DFFC75A006EED35 /* ControllerManager.swift in Sources */ = {isa = PBXBuildFile; fileRef = A25630DC1DFFC75A006EED35 /* ControllerManager.swift */; };
		A29D62B61DE7010C00DA9C73 /* SakuraEmitterNodeFactory.swift in Sources */ = {isa = PBXBuildFile; fileRef = A29D62B51DE7010C00DA9C73 /* SakuraEmitterNodeFactory.swift */; };
		A29D62B81DE701F000DA9C73 /* SakuraEmitterNodeAttributes.swift in Sources */ = {isa = PBXBuildFile; fileRef = A29D62B71DE701F000DA9C73 /* SakuraEmitterNodeAttributes.swift */; };
		A29D62BA1DE737EE00DA9C73 /* Adapter.swift in Sources */ = {isa = PBXBuildFile; fileRef = A29D62B91DE737EE00DA9C73 /* Adapter.swift */; };
		A29D62BC1DE73B8C00DA9C73 /* UIKit.framework in Frameworks */ = {isa = PBXBuildFile; fileRef = A29D62BB1DE73B8B00DA9C73 /* UIKit.framework */; };
		A2A43F811E01FC59007F156D /* IndexViewController.swift in Sources */ = {isa = PBXBuildFile; fileRef = A2A43F7F1E01FC59007F156D /* IndexViewController.swift */; };
		A2A43F821E01FC59007F156D /* IndexViewController.xib in Resources */ = {isa = PBXBuildFile; fileRef = A2A43F801E01FC59007F156D /* IndexViewController.xib */; };
		A2A43F881E028259007F156D /* Bolts.framework in Frameworks */ = {isa = PBXBuildFile; fileRef = A2A43F841E028259007F156D /* Bolts.framework */; };
		A2A43F891E028259007F156D /* FBSDKCoreKit.framework in Frameworks */ = {isa = PBXBuildFile; fileRef = A2A43F851E028259007F156D /* FBSDKCoreKit.framework */; };
		A2A43F8A1E028259007F156D /* FBSDKLoginKit.framework in Frameworks */ = {isa = PBXBuildFile; fileRef = A2A43F861E028259007F156D /* FBSDKLoginKit.framework */; };
		A2A43F8B1E028259007F156D /* FBSDKShareKit.framework in Frameworks */ = {isa = PBXBuildFile; fileRef = A2A43F871E028259007F156D /* FBSDKShareKit.framework */; };
		A2A43F901E028619007F156D /* DataManager.swift in Sources */ = {isa = PBXBuildFile; fileRef = A2A43F8F1E028619007F156D /* DataManager.swift */; };
		A2A43F931E0286D4007F156D /* ActionInfo.swift in Sources */ = {isa = PBXBuildFile; fileRef = A2A43F921E0286D4007F156D /* ActionInfo.swift */; };
		A2DDF73A1DDDCE4700809091 /* AppDelegate.swift in Sources */ = {isa = PBXBuildFile; fileRef = A2DDF7391DDDCE4700809091 /* AppDelegate.swift */; };
		A2DDF73C1DDDCE4700809091 /* GameScene.sks in Resources */ = {isa = PBXBuildFile; fileRef = A2DDF73B1DDDCE4700809091 /* GameScene.sks */; };
		A2DDF73E1DDDCE4700809091 /* Actions.sks in Resources */ = {isa = PBXBuildFile; fileRef = A2DDF73D1DDDCE4700809091 /* Actions.sks */; };
		A2DDF7401DDDCE4700809091 /* GameScene.swift in Sources */ = {isa = PBXBuildFile; fileRef = A2DDF73F1DDDCE4700809091 /* GameScene.swift */; };
		A2DDF7421DDDCE4700809091 /* GameViewController.swift in Sources */ = {isa = PBXBuildFile; fileRef = A2DDF7411DDDCE4700809091 /* GameViewController.swift */; };
		A2DDF7451DDDCE4700809091 /* Main.storyboard in Resources */ = {isa = PBXBuildFile; fileRef = A2DDF7431DDDCE4700809091 /* Main.storyboard */; };
		A2DDF7471DDDCE4700809091 /* Assets.xcassets in Resources */ = {isa = PBXBuildFile; fileRef = A2DDF7461DDDCE4700809091 /* Assets.xcassets */; };
		A2DDF74A1DDDCE4700809091 /* LaunchScreen.storyboard in Resources */ = {isa = PBXBuildFile; fileRef = A2DDF7481DDDCE4700809091 /* LaunchScreen.storyboard */; };
		A2DDF7551DDE30E100809091 /* DrawingUtility.m in Sources */ = {isa = PBXBuildFile; fileRef = A2DDF7541DDE30E100809091 /* DrawingUtility.m */; };
		F35C8EDAE94903B8268F1E2B /* Pods_oishi_sakura.framework in Frameworks */ = {isa = PBXBuildFile; fileRef = C9C9013B3EAB928F430A43C3 /* Pods_oishi_sakura.framework */; };
/* End PBXBuildFile section */

/* Begin PBXFileReference section */
		3A3E221C62913F7B9924A621 /* Pods-oishi_sakura.release.xcconfig */ = {isa = PBXFileReference; includeInIndex = 1; lastKnownFileType = text.xcconfig; name = "Pods-oishi_sakura.release.xcconfig"; path = "Pods/Target Support Files/Pods-oishi_sakura/Pods-oishi_sakura.release.xcconfig"; sourceTree = "<group>"; };
		44CA62C31DF77AA400550365 /* todo */ = {isa = PBXFileReference; fileEncoding = 4; lastKnownFileType = text; path = todo; sourceTree = "<group>"; };
		A20FEB491DED1344009584FD /* LightParticle.sks */ = {isa = PBXFileReference; lastKnownFileType = file.sks; path = LightParticle.sks; sourceTree = "<group>"; };
		A221A7C61DF8A7C7007A2869 /* BlueLightParticle.sks */ = {isa = PBXFileReference; lastKnownFileType = file.sks; path = BlueLightParticle.sks; sourceTree = "<group>"; };
		A226D9301DF9F33B00F0D921 /* PreviewVideoViewController.swift */ = {isa = PBXFileReference; fileEncoding = 4; lastKnownFileType = sourcecode.swift; path = PreviewVideoViewController.swift; sourceTree = "<group>"; };
		A226D9311DF9F33B00F0D921 /* PreviewVideoViewController.xib */ = {isa = PBXFileReference; fileEncoding = 4; lastKnownFileType = file.xib; path = PreviewVideoViewController.xib; sourceTree = "<group>"; };
		A22E04331E0180CE00FF0452 /* GameViewController.xib */ = {isa = PBXFileReference; fileEncoding = 4; lastKnownFileType = file.xib; path = GameViewController.xib; sourceTree = "<group>"; };
		A22E04351E01814A00FF0452 /* PopupView.swift */ = {isa = PBXFileReference; fileEncoding = 4; lastKnownFileType = sourcecode.swift; path = PopupView.swift; sourceTree = "<group>"; };
		A22E04391E01BBFC00FF0452 /* VideoPreviewViewController.swift */ = {isa = PBXFileReference; fileEncoding = 4; lastKnownFileType = sourcecode.swift; path = VideoPreviewViewController.swift; sourceTree = "<group>"; };
		A22E043A1E01BBFC00FF0452 /* VideoPreviewViewController.xib */ = {isa = PBXFileReference; fileEncoding = 4; lastKnownFileType = file.xib; path = VideoPreviewViewController.xib; sourceTree = "<group>"; };
		A22E04421E01CBC100FF0452 /* M13ProgressView.h */ = {isa = PBXFileReference; fileEncoding = 4; lastKnownFileType = sourcecode.c.h; path = M13ProgressView.h; sourceTree = "<group>"; };
		A22E04431E01CBC100FF0452 /* M13ProgressView.m */ = {isa = PBXFileReference; fileEncoding = 4; lastKnownFileType = sourcecode.c.objc; path = M13ProgressView.m; sourceTree = "<group>"; };
		A22E04441E01CBC100FF0452 /* M13ProgressViewBorderedBar.h */ = {isa = PBXFileReference; fileEncoding = 4; lastKnownFileType = sourcecode.c.h; path = M13ProgressViewBorderedBar.h; sourceTree = "<group>"; };
		A22E04451E01CBC100FF0452 /* M13ProgressViewBorderedBar.m */ = {isa = PBXFileReference; fileEncoding = 4; lastKnownFileType = sourcecode.c.objc; path = M13ProgressViewBorderedBar.m; sourceTree = "<group>"; };
		A2321F6F1E00A017003E658C /* StateManager.swift */ = {isa = PBXFileReference; fileEncoding = 4; lastKnownFileType = sourcecode.swift; path = StateManager.swift; sourceTree = "<group>"; };
		A23279F21E02D498006DB3D0 /* beam.wav */ = {isa = PBXFileReference; lastKnownFileType = audio.wav; path = beam.wav; sourceTree = "<group>"; };
		A23279F41E02DD19006DB3D0 /* sfx.wav */ = {isa = PBXFileReference; lastKnownFileType = audio.wav; path = sfx.wav; sourceTree = "<group>"; };
		A233BCA31E02E7B20044B0C2 /* GoogleService-Info.plist */ = {isa = PBXFileReference; fileEncoding = 4; lastKnownFileType = text.plist.xml; path = "GoogleService-Info.plist"; sourceTree = "<group>"; };
		A233BCA51E03BFDA0044B0C2 /* Callback.swift */ = {isa = PBXFileReference; fileEncoding = 4; lastKnownFileType = sourcecode.swift; path = Callback.swift; sourceTree = "<group>"; };
		A25630DC1DFFC75A006EED35 /* ControllerManager.swift */ = {isa = PBXFileReference; fileEncoding = 4; lastKnownFileType = sourcecode.swift; path = ControllerManager.swift; sourceTree = "<group>"; };
		A29D62B51DE7010C00DA9C73 /* SakuraEmitterNodeFactory.swift */ = {isa = PBXFileReference; fileEncoding = 4; lastKnownFileType = sourcecode.swift; path = SakuraEmitterNodeFactory.swift; sourceTree = "<group>"; };
		A29D62B71DE701F000DA9C73 /* SakuraEmitterNodeAttributes.swift */ = {isa = PBXFileReference; fileEncoding = 4; lastKnownFileType = sourcecode.swift; path = SakuraEmitterNodeAttributes.swift; sourceTree = "<group>"; };
		A29D62B91DE737EE00DA9C73 /* Adapter.swift */ = {isa = PBXFileReference; fileEncoding = 4; lastKnownFileType = sourcecode.swift; lineEnding = 0; path = Adapter.swift; sourceTree = "<group>"; xcLanguageSpecificationIdentifier = xcode.lang.swift; };
		A29D62BB1DE73B8B00DA9C73 /* UIKit.framework */ = {isa = PBXFileReference; lastKnownFileType = wrapper.framework; name = UIKit.framework; path = System/Library/Frameworks/UIKit.framework; sourceTree = SDKROOT; };
		A2A43F7F1E01FC59007F156D /* IndexViewController.swift */ = {isa = PBXFileReference; fileEncoding = 4; lastKnownFileType = sourcecode.swift; path = IndexViewController.swift; sourceTree = "<group>"; };
		A2A43F801E01FC59007F156D /* IndexViewController.xib */ = {isa = PBXFileReference; fileEncoding = 4; lastKnownFileType = file.xib; path = IndexViewController.xib; sourceTree = "<group>"; };
		A2A43F841E028259007F156D /* Bolts.framework */ = {isa = PBXFileReference; lastKnownFileType = wrapper.framework; path = Bolts.framework; sourceTree = "<group>"; };
		A2A43F851E028259007F156D /* FBSDKCoreKit.framework */ = {isa = PBXFileReference; lastKnownFileType = wrapper.framework; path = FBSDKCoreKit.framework; sourceTree = "<group>"; };
		A2A43F861E028259007F156D /* FBSDKLoginKit.framework */ = {isa = PBXFileReference; lastKnownFileType = wrapper.framework; path = FBSDKLoginKit.framework; sourceTree = "<group>"; };
		A2A43F871E028259007F156D /* FBSDKShareKit.framework */ = {isa = PBXFileReference; lastKnownFileType = wrapper.framework; path = FBSDKShareKit.framework; sourceTree = "<group>"; };
		A2A43F8F1E028619007F156D /* DataManager.swift */ = {isa = PBXFileReference; fileEncoding = 4; lastKnownFileType = sourcecode.swift; path = DataManager.swift; sourceTree = "<group>"; };
		A2A43F921E0286D4007F156D /* ActionInfo.swift */ = {isa = PBXFileReference; fileEncoding = 4; lastKnownFileType = sourcecode.swift; path = ActionInfo.swift; sourceTree = "<group>"; };
		A2DDF7361DDDCE4700809091 /* OISHI.app */ = {isa = PBXFileReference; explicitFileType = wrapper.application; includeInIndex = 0; path = OISHI.app; sourceTree = BUILT_PRODUCTS_DIR; };
		A2DDF7391DDDCE4700809091 /* AppDelegate.swift */ = {isa = PBXFileReference; lastKnownFileType = sourcecode.swift; path = AppDelegate.swift; sourceTree = "<group>"; };
		A2DDF73B1DDDCE4700809091 /* GameScene.sks */ = {isa = PBXFileReference; lastKnownFileType = file.sks; path = GameScene.sks; sourceTree = "<group>"; };
		A2DDF73D1DDDCE4700809091 /* Actions.sks */ = {isa = PBXFileReference; lastKnownFileType = file.sks; path = Actions.sks; sourceTree = "<group>"; };
		A2DDF73F1DDDCE4700809091 /* GameScene.swift */ = {isa = PBXFileReference; lastKnownFileType = sourcecode.swift; path = GameScene.swift; sourceTree = "<group>"; };
		A2DDF7411DDDCE4700809091 /* GameViewController.swift */ = {isa = PBXFileReference; lastKnownFileType = sourcecode.swift; path = GameViewController.swift; sourceTree = "<group>"; };
		A2DDF7441DDDCE4700809091 /* Base */ = {isa = PBXFileReference; lastKnownFileType = file.storyboard; name = Base; path = Base.lproj/Main.storyboard; sourceTree = "<group>"; };
		A2DDF7461DDDCE4700809091 /* Assets.xcassets */ = {isa = PBXFileReference; lastKnownFileType = folder.assetcatalog; path = Assets.xcassets; sourceTree = "<group>"; };
		A2DDF7491DDDCE4700809091 /* Base */ = {isa = PBXFileReference; lastKnownFileType = file.storyboard; name = Base; path = Base.lproj/LaunchScreen.storyboard; sourceTree = "<group>"; };
		A2DDF74B1DDDCE4700809091 /* Info.plist */ = {isa = PBXFileReference; lastKnownFileType = text.plist.xml; path = Info.plist; sourceTree = "<group>"; };
		A2DDF7521DDE30E100809091 /* oishi_sakura-Bridging-Header.h */ = {isa = PBXFileReference; lastKnownFileType = sourcecode.c.h; path = "oishi_sakura-Bridging-Header.h"; sourceTree = "<group>"; };
		A2DDF7531DDE30E100809091 /* DrawingUtility.h */ = {isa = PBXFileReference; fileEncoding = 4; lastKnownFileType = sourcecode.c.h; path = DrawingUtility.h; sourceTree = "<group>"; };
		A2DDF7541DDE30E100809091 /* DrawingUtility.m */ = {isa = PBXFileReference; fileEncoding = 4; lastKnownFileType = sourcecode.c.objc; path = DrawingUtility.m; sourceTree = "<group>"; };
		C9C9013B3EAB928F430A43C3 /* Pods_oishi_sakura.framework */ = {isa = PBXFileReference; explicitFileType = wrapper.framework; includeInIndex = 0; path = Pods_oishi_sakura.framework; sourceTree = BUILT_PRODUCTS_DIR; };
		D9D41086EA3CB6FB6BB63FAF /* Pods-oishi_sakura.debug.xcconfig */ = {isa = PBXFileReference; includeInIndex = 1; lastKnownFileType = text.xcconfig; name = "Pods-oishi_sakura.debug.xcconfig"; path = "Pods/Target Support Files/Pods-oishi_sakura/Pods-oishi_sakura.debug.xcconfig"; sourceTree = "<group>"; };
/* End PBXFileReference section */

/* Begin PBXFrameworksBuildPhase section */
		A2DDF7331DDDCE4700809091 /* Frameworks */ = {
			isa = PBXFrameworksBuildPhase;
			buildActionMask = 2147483647;
			files = (
				A2A43F881E028259007F156D /* Bolts.framework in Frameworks */,
				A2A43F891E028259007F156D /* FBSDKCoreKit.framework in Frameworks */,
				A2A43F8B1E028259007F156D /* FBSDKShareKit.framework in Frameworks */,
				A2A43F8A1E028259007F156D /* FBSDKLoginKit.framework in Frameworks */,
				A29D62BC1DE73B8C00DA9C73 /* UIKit.framework in Frameworks */,
				F35C8EDAE94903B8268F1E2B /* Pods_oishi_sakura.framework in Frameworks */,
			);
			runOnlyForDeploymentPostprocessing = 0;
		};
/* End PBXFrameworksBuildPhase section */

/* Begin PBXGroup section */
		259E2C5743B3D6557B2ACFA8 /* Frameworks */ = {
			isa = PBXGroup;
			children = (
				A29D62BB1DE73B8B00DA9C73 /* UIKit.framework */,
				C9C9013B3EAB928F430A43C3 /* Pods_oishi_sakura.framework */,
			);
			name = Frameworks;
			sourceTree = "<group>";
		};
		95216C3304CBAD6CECFE6A33 /* Pods */ = {
			isa = PBXGroup;
			children = (
				D9D41086EA3CB6FB6BB63FAF /* Pods-oishi_sakura.debug.xcconfig */,
				3A3E221C62913F7B9924A621 /* Pods-oishi_sakura.release.xcconfig */,
			);
			name = Pods;
			sourceTree = "<group>";
		};
		A20FEB4B1DED1971009584FD /* resources */ = {
			isa = PBXGroup;
			children = (
				A23279F41E02DD19006DB3D0 /* sfx.wav */,
				A23279F21E02D498006DB3D0 /* beam.wav */,
			);
			name = resources;
			sourceTree = "<group>";
		};
		A212E5011DFDED51005ECCB6 /* components */ = {
			isa = PBXGroup;
			children = (
				A22E04351E01814A00FF0452 /* PopupView.swift */,
			);
			name = components;
			sourceTree = "<group>";
		};
		A22E04411E01CBBB00FF0452 /* m13 */ = {
			isa = PBXGroup;
			children = (
				A22E04421E01CBC100FF0452 /* M13ProgressView.h */,
				A22E04431E01CBC100FF0452 /* M13ProgressView.m */,
				A22E04441E01CBC100FF0452 /* M13ProgressViewBorderedBar.h */,
				A22E04451E01CBC100FF0452 /* M13ProgressViewBorderedBar.m */,
			);
			name = m13;
			sourceTree = "<group>";
		};
		A25630DB1DFFC6C7006EED35 /* managers */ = {
			isa = PBXGroup;
			children = (
				A2A43F8F1E028619007F156D /* DataManager.swift */,
				A25630DC1DFFC75A006EED35 /* ControllerManager.swift */,
				A2321F6F1E00A017003E658C /* StateManager.swift */,
			);
			name = managers;
			sourceTree = "<group>";
		};
		A29D62AA1DE45F0800DA9C73 /* libs */ = {
			isa = PBXGroup;
			children = (
				A22E04411E01CBBB00FF0452 /* m13 */,
				A2DDF7521DDE30E100809091 /* oishi_sakura-Bridging-Header.h */,
			);
			name = libs;
			sourceTree = "<group>";
		};
		A29D62AE1DE4746E00DA9C73 /* controllers */ = {
			isa = PBXGroup;
			children = (
				A2A43F7F1E01FC59007F156D /* IndexViewController.swift */,
				A2A43F801E01FC59007F156D /* IndexViewController.xib */,
				A2DDF7411DDDCE4700809091 /* GameViewController.swift */,
				A22E04331E0180CE00FF0452 /* GameViewController.xib */,
				A226D9301DF9F33B00F0D921 /* PreviewVideoViewController.swift */,
				A226D9311DF9F33B00F0D921 /* PreviewVideoViewController.xib */,
				A22E04391E01BBFC00FF0452 /* VideoPreviewViewController.swift */,
				A22E043A1E01BBFC00FF0452 /* VideoPreviewViewController.xib */,
			);
			name = controllers;
			sourceTree = "<group>";
		};
		A29D62AF1DE4747400DA9C73 /* gamekit */ = {
			isa = PBXGroup;
			children = (
				A20FEB491DED1344009584FD /* LightParticle.sks */,
				A221A7C61DF8A7C7007A2869 /* BlueLightParticle.sks */,
				A2DDF73B1DDDCE4700809091 /* GameScene.sks */,
				A2DDF73D1DDDCE4700809091 /* Actions.sks */,
				A2DDF73F1DDDCE4700809091 /* GameScene.swift */,
				A29D62B51DE7010C00DA9C73 /* SakuraEmitterNodeFactory.swift */,
				A29D62B71DE701F000DA9C73 /* SakuraEmitterNodeAttributes.swift */,
			);
			name = gamekit;
			sourceTree = "<group>";
		};
		A2A43F831E0280F6007F156D /* frameworks */ = {
			isa = PBXGroup;
			children = (
				A2A43F841E028259007F156D /* Bolts.framework */,
				A2A43F851E028259007F156D /* FBSDKCoreKit.framework */,
				A2A43F861E028259007F156D /* FBSDKLoginKit.framework */,
				A2A43F871E028259007F156D /* FBSDKShareKit.framework */,
			);
			name = frameworks;
			sourceTree = "<group>";
		};
		A2A43F911E0286C2007F156D /* models */ = {
			isa = PBXGroup;
			children = (
				A2A43F921E0286D4007F156D /* ActionInfo.swift */,
				A233BCA51E03BFDA0044B0C2 /* Callback.swift */,
			);
			name = models;
			sourceTree = "<group>";
		};
		A2DDF72D1DDDCE4700809091 = {
			isa = PBXGroup;
			children = (
				A233BCA31E02E7B20044B0C2 /* GoogleService-Info.plist */,
				A2DDF7381DDDCE4700809091 /* oishi_sakura */,
				A2DDF7371DDDCE4700809091 /* Products */,
				95216C3304CBAD6CECFE6A33 /* Pods */,
				259E2C5743B3D6557B2ACFA8 /* Frameworks */,
			);
			sourceTree = "<group>";
		};
		A2DDF7371DDDCE4700809091 /* Products */ = {
			isa = PBXGroup;
			children = (
				A2DDF7361DDDCE4700809091 /* OISHI.app */,
			);
			name = Products;
			sourceTree = "<group>";
		};
		A2DDF7381DDDCE4700809091 /* oishi_sakura */ = {
			isa = PBXGroup;
			children = (
				A29D62AE1DE4746E00DA9C73 /* controllers */,
				A29D62AF1DE4747400DA9C73 /* gamekit */,
				A25630DB1DFFC6C7006EED35 /* managers */,
				A212E5011DFDED51005ECCB6 /* components */,
				A2A43F911E0286C2007F156D /* models */,
				A2A43F831E0280F6007F156D /* frameworks */,
				A29D62AA1DE45F0800DA9C73 /* libs */,
				A2DDF7511DDE30D900809091 /* utilities */,
				A20FEB4B1DED1971009584FD /* resources */,
				A2DDF7391DDDCE4700809091 /* AppDelegate.swift */,
				A29D62B91DE737EE00DA9C73 /* Adapter.swift */,
				A2DDF7431DDDCE4700809091 /* Main.storyboard */,
				A2DDF7461DDDCE4700809091 /* Assets.xcassets */,
				A2DDF7481DDDCE4700809091 /* LaunchScreen.storyboard */,
				A2DDF74B1DDDCE4700809091 /* Info.plist */,
				44CA62C31DF77AA400550365 /* todo */,
			);
			path = oishi_sakura;
			sourceTree = "<group>";
		};
		A2DDF7511DDE30D900809091 /* utilities */ = {
			isa = PBXGroup;
			children = (
				A2DDF7531DDE30E100809091 /* DrawingUtility.h */,
				A2DDF7541DDE30E100809091 /* DrawingUtility.m */,
			);
			name = utilities;
			sourceTree = "<group>";
		};
/* End PBXGroup section */

/* Begin PBXNativeTarget section */
		A2DDF7351DDDCE4700809091 /* oishi_sakura */ = {
			isa = PBXNativeTarget;
			buildConfigurationList = A2DDF74E1DDDCE4700809091 /* Build configuration list for PBXNativeTarget "oishi_sakura" */;
			buildPhases = (
				9B62A5843B0551B9267215DA /* [CP] Check Pods Manifest.lock */,
				A2DDF7321DDDCE4700809091 /* Sources */,
				A2DDF7331DDDCE4700809091 /* Frameworks */,
				A2DDF7341DDDCE4700809091 /* Resources */,
				58D979001030144ADF7BC5B8 /* [CP] Embed Pods Frameworks */,
				AFED3F8C973A881C91E92EE4 /* [CP] Copy Pods Resources */,
			);
			buildRules = (
			);
			dependencies = (
			);
			name = oishi_sakura;
			productName = oishi_sakura;
			productReference = A2DDF7361DDDCE4700809091 /* OISHI.app */;
			productType = "com.apple.product-type.application";
		};
/* End PBXNativeTarget section */

/* Begin PBXProject section */
		A2DDF72E1DDDCE4700809091 /* Project object */ = {
			isa = PBXProject;
			attributes = {
				LastSwiftUpdateCheck = 0810;
				LastUpgradeCheck = 0810;
				ORGANIZATIONNAME = "Plaping Co., Ltd.";
				TargetAttributes = {
					A2DDF7351DDDCE4700809091 = {
						CreatedOnToolsVersion = 8.1;
						DevelopmentTeam = FQ9R46R5K8;
						LastSwiftMigration = 0810;
						ProvisioningStyle = Automatic;
					};
				};
			};
			buildConfigurationList = A2DDF7311DDDCE4700809091 /* Build configuration list for PBXProject "OISHI" */;
			compatibilityVersion = "Xcode 3.2";
			developmentRegion = English;
			hasScannedForEncodings = 0;
			knownRegions = (
				en,
				Base,
			);
			mainGroup = A2DDF72D1DDDCE4700809091;
			productRefGroup = A2DDF7371DDDCE4700809091 /* Products */;
			projectDirPath = "";
			projectRoot = "";
			targets = (
				A2DDF7351DDDCE4700809091 /* oishi_sakura */,
			);
		};
/* End PBXProject section */

/* Begin PBXResourcesBuildPhase section */
		A2DDF7341DDDCE4700809091 /* Resources */ = {
			isa = PBXResourcesBuildPhase;
			buildActionMask = 2147483647;
			files = (
				A23279F51E02DD19006DB3D0 /* sfx.wav in Resources */,
				A22E04341E0180CE00FF0452 /* GameViewController.xib in Resources */,
				A221A7C71DF8A7C7007A2869 /* BlueLightParticle.sks in Resources */,
				A2DDF7451DDDCE4700809091 /* Main.storyboard in Resources */,
				A23279F31E02D499006DB3D0 /* beam.wav in Resources */,
				A233BCA41E02E7B20044B0C2 /* GoogleService-Info.plist in Resources */,
				A2DDF73C1DDDCE4700809091 /* GameScene.sks in Resources */,
				A226D9331DF9F33B00F0D921 /* PreviewVideoViewController.xib in Resources */,
				44CA62C41DF77AA400550365 /* todo in Resources */,
				A2DDF7471DDDCE4700809091 /* Assets.xcassets in Resources */,
				A2A43F821E01FC59007F156D /* IndexViewController.xib in Resources */,
				A2DDF74A1DDDCE4700809091 /* LaunchScreen.storyboard in Resources */,
				A20FEB4A1DED1344009584FD /* LightParticle.sks in Resources */,
				A2DDF73E1DDDCE4700809091 /* Actions.sks in Resources */,
				A22E043C1E01BBFC00FF0452 /* VideoPreviewViewController.xib in Resources */,
			);
			runOnlyForDeploymentPostprocessing = 0;
		};
/* End PBXResourcesBuildPhase section */

/* Begin PBXShellScriptBuildPhase section */
		58D979001030144ADF7BC5B8 /* [CP] Embed Pods Frameworks */ = {
			isa = PBXShellScriptBuildPhase;
			buildActionMask = 2147483647;
			files = (
			);
			inputPaths = (
			);
			name = "[CP] Embed Pods Frameworks";
			outputPaths = (
			);
			runOnlyForDeploymentPostprocessing = 0;
			shellPath = /bin/sh;
			shellScript = "\"${SRCROOT}/Pods/Target Support Files/Pods-oishi_sakura/Pods-oishi_sakura-frameworks.sh\"\n";
			showEnvVarsInLog = 0;
		};
		9B62A5843B0551B9267215DA /* [CP] Check Pods Manifest.lock */ = {
			isa = PBXShellScriptBuildPhase;
			buildActionMask = 2147483647;
			files = (
			);
			inputPaths = (
			);
			name = "[CP] Check Pods Manifest.lock";
			outputPaths = (
			);
			runOnlyForDeploymentPostprocessing = 0;
			shellPath = /bin/sh;
			shellScript = "diff \"${PODS_ROOT}/../Podfile.lock\" \"${PODS_ROOT}/Manifest.lock\" > /dev/null\nif [ $? != 0 ] ; then\n    # print error to STDERR\n    echo \"error: The sandbox is not in sync with the Podfile.lock. Run 'pod install' or update your CocoaPods installation.\" >&2\n    exit 1\nfi\n";
			showEnvVarsInLog = 0;
		};
		AFED3F8C973A881C91E92EE4 /* [CP] Copy Pods Resources */ = {
			isa = PBXShellScriptBuildPhase;
			buildActionMask = 2147483647;
			files = (
			);
			inputPaths = (
			);
			name = "[CP] Copy Pods Resources";
			outputPaths = (
			);
			runOnlyForDeploymentPostprocessing = 0;
			shellPath = /bin/sh;
			shellScript = "\"${SRCROOT}/Pods/Target Support Files/Pods-oishi_sakura/Pods-oishi_sakura-resources.sh\"\n";
			showEnvVarsInLog = 0;
		};
/* End PBXShellScriptBuildPhase section */

/* Begin PBXSourcesBuildPhase section */
		A2DDF7321DDDCE4700809091 /* Sources */ = {
			isa = PBXSourcesBuildPhase;
			buildActionMask = 2147483647;
			files = (
				A2DDF7401DDDCE4700809091 /* GameScene.swift in Sources */,
				A2A43F901E028619007F156D /* DataManager.swift in Sources */,
				A29D62BA1DE737EE00DA9C73 /* Adapter.swift in Sources */,
				A2321F701E00A017003E658C /* StateManager.swift in Sources */,
				A233BCA61E03BFDA0044B0C2 /* Callback.swift in Sources */,
				A22E04361E01814A00FF0452 /* PopupView.swift in Sources */,
				A29D62B61DE7010C00DA9C73 /* SakuraEmitterNodeFactory.swift in Sources */,
				A2DDF7421DDDCE4700809091 /* GameViewController.swift in Sources */,
				A2DDF73A1DDDCE4700809091 /* AppDelegate.swift in Sources */,
				A25630DD1DFFC75A006EED35 /* ControllerManager.swift in Sources */,
				A226D9321DF9F33B00F0D921 /* PreviewVideoViewController.swift in Sources */,
				A22E04461E01CBC100FF0452 /* M13ProgressView.m in Sources */,
				A2A43F931E0286D4007F156D /* ActionInfo.swift in Sources */,
				A22E043B1E01BBFC00FF0452 /* VideoPreviewViewController.swift in Sources */,
				A2DDF7551DDE30E100809091 /* DrawingUtility.m in Sources */,
				A22E04471E01CBC100FF0452 /* M13ProgressViewBorderedBar.m in Sources */,
				A29D62B81DE701F000DA9C73 /* SakuraEmitterNodeAttributes.swift in Sources */,
				A2A43F811E01FC59007F156D /* IndexViewController.swift in Sources */,
			);
			runOnlyForDeploymentPostprocessing = 0;
		};
/* End PBXSourcesBuildPhase section */

/* Begin PBXVariantGroup section */
		A2DDF7431DDDCE4700809091 /* Main.storyboard */ = {
			isa = PBXVariantGroup;
			children = (
				A2DDF7441DDDCE4700809091 /* Base */,
			);
			name = Main.storyboard;
			sourceTree = "<group>";
		};
		A2DDF7481DDDCE4700809091 /* LaunchScreen.storyboard */ = {
			isa = PBXVariantGroup;
			children = (
				A2DDF7491DDDCE4700809091 /* Base */,
			);
			name = LaunchScreen.storyboard;
			sourceTree = "<group>";
		};
/* End PBXVariantGroup section */

/* Begin XCBuildConfiguration section */
		A2DDF74C1DDDCE4700809091 /* Debug */ = {
			isa = XCBuildConfiguration;
			buildSettings = {
				ALWAYS_SEARCH_USER_PATHS = NO;
				CLANG_ANALYZER_NONNULL = YES;
				CLANG_CXX_LANGUAGE_STANDARD = "gnu++0x";
				CLANG_CXX_LIBRARY = "libc++";
				CLANG_ENABLE_MODULES = YES;
				CLANG_ENABLE_OBJC_ARC = YES;
				CLANG_WARN_BOOL_CONVERSION = YES;
				CLANG_WARN_CONSTANT_CONVERSION = YES;
				CLANG_WARN_DIRECT_OBJC_ISA_USAGE = YES_ERROR;
				CLANG_WARN_DOCUMENTATION_COMMENTS = YES;
				CLANG_WARN_EMPTY_BODY = YES;
				CLANG_WARN_ENUM_CONVERSION = YES;
				CLANG_WARN_INFINITE_RECURSION = YES;
				CLANG_WARN_INT_CONVERSION = YES;
				CLANG_WARN_OBJC_ROOT_CLASS = YES_ERROR;
				CLANG_WARN_SUSPICIOUS_MOVES = YES;
				CLANG_WARN_UNREACHABLE_CODE = YES;
				CLANG_WARN__DUPLICATE_METHOD_MATCH = YES;
				"CODE_SIGN_IDENTITY[sdk=iphoneos*]" = "iPhone Developer";
				COPY_PHASE_STRIP = NO;
				DEBUG_INFORMATION_FORMAT = dwarf;
				ENABLE_STRICT_OBJC_MSGSEND = YES;
				ENABLE_TESTABILITY = YES;
				GCC_C_LANGUAGE_STANDARD = gnu99;
				GCC_DYNAMIC_NO_PIC = NO;
				GCC_NO_COMMON_BLOCKS = YES;
				GCC_OPTIMIZATION_LEVEL = 0;
				GCC_PREPROCESSOR_DEFINITIONS = (
					"DEBUG=1",
					"$(inherited)",
				);
				GCC_WARN_64_TO_32_BIT_CONVERSION = YES;
				GCC_WARN_ABOUT_RETURN_TYPE = YES_ERROR;
				GCC_WARN_UNDECLARED_SELECTOR = YES;
				GCC_WARN_UNINITIALIZED_AUTOS = YES_AGGRESSIVE;
				GCC_WARN_UNUSED_FUNCTION = YES;
				GCC_WARN_UNUSED_VARIABLE = YES;
				IPHONEOS_DEPLOYMENT_TARGET = 10.1;
				MTL_ENABLE_DEBUG_INFO = YES;
				ONLY_ACTIVE_ARCH = YES;
				SDKROOT = iphoneos;
				SWIFT_ACTIVE_COMPILATION_CONDITIONS = DEBUG;
				SWIFT_OPTIMIZATION_LEVEL = "-Onone";
			};
			name = Debug;
		};
		A2DDF74D1DDDCE4700809091 /* Release */ = {
			isa = XCBuildConfiguration;
			buildSettings = {
				ALWAYS_SEARCH_USER_PATHS = NO;
				CLANG_ANALYZER_NONNULL = YES;
				CLANG_CXX_LANGUAGE_STANDARD = "gnu++0x";
				CLANG_CXX_LIBRARY = "libc++";
				CLANG_ENABLE_MODULES = YES;
				CLANG_ENABLE_OBJC_ARC = YES;
				CLANG_WARN_BOOL_CONVERSION = YES;
				CLANG_WARN_CONSTANT_CONVERSION = YES;
				CLANG_WARN_DIRECT_OBJC_ISA_USAGE = YES_ERROR;
				CLANG_WARN_DOCUMENTATION_COMMENTS = YES;
				CLANG_WARN_EMPTY_BODY = YES;
				CLANG_WARN_ENUM_CONVERSION = YES;
				CLANG_WARN_INFINITE_RECURSION = YES;
				CLANG_WARN_INT_CONVERSION = YES;
				CLANG_WARN_OBJC_ROOT_CLASS = YES_ERROR;
				CLANG_WARN_SUSPICIOUS_MOVES = YES;
				CLANG_WARN_UNREACHABLE_CODE = YES;
				CLANG_WARN__DUPLICATE_METHOD_MATCH = YES;
				"CODE_SIGN_IDENTITY[sdk=iphoneos*]" = "iPhone Developer";
				COPY_PHASE_STRIP = NO;
				DEBUG_INFORMATION_FORMAT = "dwarf-with-dsym";
				ENABLE_NS_ASSERTIONS = NO;
				ENABLE_STRICT_OBJC_MSGSEND = YES;
				GCC_C_LANGUAGE_STANDARD = gnu99;
				GCC_NO_COMMON_BLOCKS = YES;
				GCC_WARN_64_TO_32_BIT_CONVERSION = YES;
				GCC_WARN_ABOUT_RETURN_TYPE = YES_ERROR;
				GCC_WARN_UNDECLARED_SELECTOR = YES;
				GCC_WARN_UNINITIALIZED_AUTOS = YES_AGGRESSIVE;
				GCC_WARN_UNUSED_FUNCTION = YES;
				GCC_WARN_UNUSED_VARIABLE = YES;
				IPHONEOS_DEPLOYMENT_TARGET = 10.1;
				MTL_ENABLE_DEBUG_INFO = NO;
				SDKROOT = iphoneos;
				SWIFT_OPTIMIZATION_LEVEL = "-Owholemodule";
				VALIDATE_PRODUCT = YES;
			};
			name = Release;
		};
		A2DDF74F1DDDCE4700809091 /* Debug */ = {
			isa = XCBuildConfiguration;
			baseConfigurationReference = D9D41086EA3CB6FB6BB63FAF /* Pods-oishi_sakura.debug.xcconfig */;
			buildSettings = {
				ASSETCATALOG_COMPILER_APPICON_NAME = AppIcon;
				CLANG_ENABLE_MODULES = YES;
				DEVELOPMENT_TEAM = FQ9R46R5K8;
				FRAMEWORK_SEARCH_PATHS = (
					"$(inherited)",
					"$(PROJECT_DIR)/oishi_sakura",
				);
				INFOPLIST_FILE = oishi_sakura/Info.plist;
				IPHONEOS_DEPLOYMENT_TARGET = 9.0;
				LD_RUNPATH_SEARCH_PATHS = "$(inherited) @executable_path/Frameworks";
				PRODUCT_BUNDLE_IDENTIFIER = com.plaping.oishi;
				PRODUCT_NAME = OISHI;
				SWIFT_OBJC_BRIDGING_HEADER = "oishi_sakura/oishi_sakura-Bridging-Header.h";
				SWIFT_OPTIMIZATION_LEVEL = "-Onone";
				SWIFT_VERSION = 3.0;
				TARGETED_DEVICE_FAMILY = "1,2";
			};
			name = Debug;
		};
		A2DDF7501DDDCE4700809091 /* Release */ = {
			isa = XCBuildConfiguration;
			baseConfigurationReference = 3A3E221C62913F7B9924A621 /* Pods-oishi_sakura.release.xcconfig */;
			buildSettings = {
				ASSETCATALOG_COMPILER_APPICON_NAME = AppIcon;
				CLANG_ENABLE_MODULES = YES;
				DEVELOPMENT_TEAM = FQ9R46R5K8;
				FRAMEWORK_SEARCH_PATHS = (
					"$(inherited)",
					"$(PROJECT_DIR)/oishi_sakura",
				);
				INFOPLIST_FILE = oishi_sakura/Info.plist;
				IPHONEOS_DEPLOYMENT_TARGET = 9.0;
				LD_RUNPATH_SEARCH_PATHS = "$(inherited) @executable_path/Frameworks";
				PRODUCT_BUNDLE_IDENTIFIER = com.plaping.oishi;
				PRODUCT_NAME = OISHI;
				SWIFT_OBJC_BRIDGING_HEADER = "oishi_sakura/oishi_sakura-Bridging-Header.h";
				SWIFT_VERSION = 3.0;
				TARGETED_DEVICE_FAMILY = "1,2";
			};
			name = Release;
		};
/* End XCBuildConfiguration section */

/* Begin XCConfigurationList section */
		A2DDF7311DDDCE4700809091 /* Build configuration list for PBXProject "OISHI" */ = {
			isa = XCConfigurationList;
			buildConfigurations = (
				A2DDF74C1DDDCE4700809091 /* Debug */,
				A2DDF74D1DDDCE4700809091 /* Release */,
			);
			defaultConfigurationIsVisible = 0;
			defaultConfigurationName = Release;
		};
		A2DDF74E1DDDCE4700809091 /* Build configuration list for PBXNativeTarget "oishi_sakura" */ = {
			isa = XCConfigurationList;
			buildConfigurations = (
				A2DDF74F1DDDCE4700809091 /* Debug */,
				A2DDF7501DDDCE4700809091 /* Release */,
			);
			defaultConfigurationIsVisible = 0;
			defaultConfigurationName = Release;
		};
/* End XCConfigurationList section */
	};
	rootObject = A2DDF72E1DDDCE4700809091 /* Project object */;
}
